{
  "name": "pogo",
  "version": "0.0.1",
  "dependencies": {
    "underscore": {
      "version": "1.3.1"
    },
    "jison": {
      "version": "0.3.3",
      "dependencies": {
        "JSONSelect": {
          "version": "0.4.0"
        },
        "reflect": {
          "version": "0.0.1"
        },
        "nomnom": {
          "version": "0.4.3",
          "dependencies": {
            "underscore": {
              "version": "1.3.1"
            }
          }
        }
      }
    },
    "uglify-js": {
      "version": "1.2.5"
    },
    "should": {
      "version": "0.6.0"
    },
    "mocha": {
      "version": "0.14.1",
      "dependencies": {
        "commander": {
          "version": "0.5.2"
        },
        "growl": {
          "version": "1.5.0"
        },
        "jade": {
          "version": "0.20.3",
          "dependencies": {
            "mkdirp": {
              "version": "0.3.0"
            }
          }
        },
        "diff": {
          "version": "1.0.2"
        },
        "debug": {
          "version": "0.5.0"
        }
      }
    }
  }
}
